
Microsoft Visual Studio Solution File, Format Version 12.00
# Visual Studio Version 17
VisualStudioVersion = 17.1.32421.90
MinimumVisualStudioVersion = 10.0.40219.1
Project("{8BC9CEB8-8B4A-11D0-8D11-00A0C91BC942}") = "SandBox", "SandBox\SandBox.vcxproj", "{C20FB080-E614-4F8B-8B6C-F01E4F06DE24}"
EndProject
Project("{8BC9CEB8-8B4A-11D0-8D11-00A0C91BC942}") = "Hazel", "Hazel\Hazel.vcxproj", "{FFBF0519-C712-4C99-A234-BF489942FE02}"
EndProject
Global
	GlobalSection(SolutionConfigurationPlatforms) = preSolution
		Debug|x64 = Debug|x64
		Debug|x86 = Debug|x86
		Release|x64 = Release|x64
		Release|x86 = Release|x86
	EndGlobalSection
	GlobalSection(ProjectConfigurationPlatforms) = postSolution
		{FFBF0519-C712-4C99-A234-BF489942FE02}.Debug|x64.ActiveCfg = Debug|x64
		{FFBF0519-C712-4C99-A234-BF489942FE02}.Debug|x64.Build.0 = Debug|x64
		{FFBF0519-C712-4C99-A234-BF489942FE02}.Debug|x86.ActiveCfg = Debug|Win32
		{FFBF0519-C712-4C99-A234-BF489942FE02}.Debug|x86.Build.0 = Debug|Win32
		{FFBF0519-C712-4C99-A234-BF489942FE02}.Release|x64.ActiveCfg = Release|x64
		{FFBF0519-C712-4C99-A234-BF489942FE02}.Release|x64.Build.0 = Release|x64
		{FFBF0519-C712-4C99-A234-BF489942FE02}.Release|x86.ActiveCfg = Release|Win32
		{FFBF0519-C712-4C99-A234-BF489942FE02}.Release|x86.Build.0 = Release|Win32
		{C20FB080-E614-4F8B-8B6C-F01E4F06DE24}.Debug|x64.ActiveCfg = Debug|x64
		{C20FB080-E614-4F8B-8B6C-F01E4F06DE24}.Debug|x64.Build.0 = Debug|x64
		{C20FB080-E614-4F8B-8B6C-F01E4F06DE24}.Debug|x86.ActiveCfg = Debug|Win32
		{C20FB080-E614-4F8B-8B6C-F01E4F06DE24}.Debug|x86.Build.0 = Debug|Win32
		{C20FB080-E614-4F8B-8B6C-F01E4F06DE24}.Release|x64.ActiveCfg = Release|x64
		{C20FB080-E614-4F8B-8B6C-F01E4F06DE24}.Release|x64.Build.0 = Release|x64
		{C20FB080-E614-4F8B-8B6C-F01E4F06DE24}.Release|x86.ActiveCfg = Release|Win32
		{C20FB080-E614-4F8B-8B6C-F01E4F06DE24}.Release|x86.Build.0 = Release|Win32
	EndGlobalSection
	GlobalSection(SolutionProperties) = preSolution
		HideSolutionNode = FALSE
	EndGlobalSection
	GlobalSection(ExtensibilityGlobals) = postSolution
		SolutionGuid = {FD1384AD-2FCC-4686-A4E4-17F91D8BDF35}
	EndGlobalSection
EndGlobal
