<?xml version="1.0" encoding="utf-8"?>
<Project ToolsVersion="4.0" xmlns="http://schemas.microsoft.com/developer/msbuild/2003">
  <ItemGroup>
    <Filter Include="Platform">
      <UniqueIdentifier>{2AC788B4-1694-E3BF-3FAD-D1672BD9184E}</UniqueIdentifier>
    </Filter>
    <Filter Include="Platform\Windows">
      <UniqueIdentifier>{64FBD71A-50F4-F66C-7926-DCF1657ED678}</UniqueIdentifier>
    </Filter>
    <Filter Include="hazel">
      <UniqueIdentifier>{B939900F-254E-B8C0-EECF-5B205AA3B4F1}</UniqueIdentifier>
    </Filter>
    <Filter Include="hazel\events">
      <UniqueIdentifier>{9DAFA367-8912-330C-3298-6BC21EDAFE8E}</UniqueIdentifier>
    </Filter>
  </ItemGroup>
  <ItemGroup>
    <ClInclude Include="src\Hazel.h" />
    <ClInclude Include="src\Platform\Windows\WindowsWindow.h">
      <Filter>Platform\Windows</Filter>
    </ClInclude>
    <ClInclude Include="src\hazel\Application.h">
      <Filter>hazel</Filter>
    </ClInclude>
    <ClInclude Include="src\hazel\Core.h">
      <Filter>hazel</Filter>
    </ClInclude>
    <ClInclude Include="src\hazel\EntryPoint.h">
      <Filter>hazel</Filter>
    </ClInclude>
    <ClInclude Include="src\hazel\Layer.h">
      <Filter>hazel</Filter>
    </ClInclude>
    <ClInclude Include="src\hazel\LayerStack.h">
      <Filter>hazel</Filter>
    </ClInclude>
    <ClInclude Include="src\hazel\Log.h">
      <Filter>hazel</Filter>
    </ClInclude>
    <ClInclude Include="src\hazel\Window.h">
      <Filter>hazel</Filter>
    </ClInclude>
    <ClInclude Include="src\hazel\events\AppEvent.h">
      <Filter>hazel\events</Filter>
    </ClInclude>
    <ClInclude Include="src\hazel\events\Event.h">
      <Filter>hazel\events</Filter>
    </ClInclude>
    <ClInclude Include="src\hazel\events\KeyEvent.h">
      <Filter>hazel\events</Filter>
    </ClInclude>
    <ClInclude Include="src\hazel\events\MouseEvent.h">
      <Filter>hazel\events</Filter>
    </ClInclude>
    <ClInclude Include="src\hzpch.h" />
  </ItemGroup>
  <ItemGroup>
    <ClCompile Include="src\Platform\Windows\WindowsWindow.cpp">
      <Filter>Platform\Windows</Filter>
    </ClCompile>
    <ClCompile Include="src\hazel\Application.cpp">
      <Filter>hazel</Filter>
    </ClCompile>
    <ClCompile Include="src\hazel\Layer.cpp">
      <Filter>hazel</Filter>
    </ClCompile>
    <ClCompile Include="src\hazel\LayerStack.cpp">
      <Filter>hazel</Filter>
    </ClCompile>
    <ClCompile Include="src\hazel\Log.cpp">
      <Filter>hazel</Filter>
    </ClCompile>
    <ClCompile Include="src\hzpch.cpp" />
  </ItemGroup>
</Project>